
Microsoft Visual Studio Solution File, Format Version 12.00
# Visual Studio Version 16
VisualStudioVersion = 16.0.30011.22
MinimumVisualStudioVersion = 10.0.40219.1
Project("{9A19103F-16F7-4668-BE54-9A1E7A4F7556}") = "SocialNetwork.ProfileApi", "SocialNetwork.ProfileApi\SocialNetwork.ProfileApi.csproj", "{21B4D403-DDC3-4793-A36F-DE1AE23378C6}"
EndProject
Project("{9A19103F-16F7-4668-BE54-9A1E7A4F7556}") = "SocialNetwork.Library", "SocialNetwork.Library\SocialNetwork.Library.csproj", "{FCC7273C-D622-4949-BAFD-622008FF302D}"
EndProject
Project("{2150E333-8FDC-42A3-9474-1A3956D46DE8}") = "ProfileApi", "ProfileApi", "{C1D526CE-9A68-44D4-8E76-CEBBBC6B30C6}"
EndProject
Project("{9A19103F-16F7-4668-BE54-9A1E7A4F7556}") = "SocialNetwork.Profile.Domain", "SocialNetwork.Profile.Domain\SocialNetwork.Profile.Domain.csproj", "{8A7C602F-6BFF-4AF3-8E07-AC86A5DB6370}"
EndProject
Project("{2150E333-8FDC-42A3-9474-1A3956D46DE8}") = "SignUpApi", "SignUpApi", "{DB217C9A-A25E-47ED-98AC-8C0D3C05F45F}"
EndProject
Project("{9A19103F-16F7-4668-BE54-9A1E7A4F7556}") = "SocialNetwork.SignUpApi", "SocialNetwork.SignUpApi\SocialNetwork.SignUpApi.csproj", "{8A787886-04AB-447F-B797-4209A4540AB4}"
EndProject
Project("{2150E333-8FDC-42A3-9474-1A3956D46DE8}") = "ApiClient", "ApiClient", "{2369A69A-947F-4D07-A3A0-3E144A242FF4}"
EndProject
Project("{9A19103F-16F7-4668-BE54-9A1E7A4F7556}") = "SocialNetwork.WebApiClient", "SocialNetwork.WebApiClient\SocialNetwork.WebApiClient.csproj", "{568EB5EC-2A11-4D7F-887A-91B97FDB1737}"
EndProject
Project("{2150E333-8FDC-42A3-9474-1A3956D46DE8}") = "StatusApi", "StatusApi", "{7F641DA3-429F-441E-8010-D3AD05408407}"
EndProject
Project("{FAE04EC0-301F-11D3-BF4B-00C04F79EFBC}") = "SocialNetwork.Status.Domain", "SocialNetwork.Status.Domain\SocialNetwork.Status.Domain.csproj", "{349CA5F7-5228-4859-A059-01066167A2CC}"
EndProject
Project("{FAE04EC0-301F-11D3-BF4B-00C04F79EFBC}") = "SocialNetwork.StatusApi", "SocialNetwork.StatusApi\SocialNetwork.StatusApi.csproj", "{37ABA94A-D335-4F17-B3A1-C0B0206E463C}"
EndProject
Global
	GlobalSection(SolutionConfigurationPlatforms) = preSolution
		Debug|Any CPU = Debug|Any CPU
		Release|Any CPU = Release|Any CPU
	EndGlobalSection
	GlobalSection(ProjectConfigurationPlatforms) = postSolution
		{21B4D403-DDC3-4793-A36F-DE1AE23378C6}.Debug|Any CPU.ActiveCfg = Debug|Any CPU
		{21B4D403-DDC3-4793-A36F-DE1AE23378C6}.Debug|Any CPU.Build.0 = Debug|Any CPU
		{21B4D403-DDC3-4793-A36F-DE1AE23378C6}.Release|Any CPU.ActiveCfg = Release|Any CPU
		{21B4D403-DDC3-4793-A36F-DE1AE23378C6}.Release|Any CPU.Build.0 = Release|Any CPU
		{FCC7273C-D622-4949-BAFD-622008FF302D}.Debug|Any CPU.ActiveCfg = Debug|Any CPU
		{FCC7273C-D622-4949-BAFD-622008FF302D}.Debug|Any CPU.Build.0 = Debug|Any CPU
		{FCC7273C-D622-4949-BAFD-622008FF302D}.Release|Any CPU.ActiveCfg = Release|Any CPU
		{FCC7273C-D622-4949-BAFD-622008FF302D}.Release|Any CPU.Build.0 = Release|Any CPU
		{8A7C602F-6BFF-4AF3-8E07-AC86A5DB6370}.Debug|Any CPU.ActiveCfg = Debug|Any CPU
		{8A7C602F-6BFF-4AF3-8E07-AC86A5DB6370}.Debug|Any CPU.Build.0 = Debug|Any CPU
		{8A7C602F-6BFF-4AF3-8E07-AC86A5DB6370}.Release|Any CPU.ActiveCfg = Release|Any CPU
		{8A7C602F-6BFF-4AF3-8E07-AC86A5DB6370}.Release|Any CPU.Build.0 = Release|Any CPU
		{8A787886-04AB-447F-B797-4209A4540AB4}.Debug|Any CPU.ActiveCfg = Debug|Any CPU
		{8A787886-04AB-447F-B797-4209A4540AB4}.Debug|Any CPU.Build.0 = Debug|Any CPU
		{8A787886-04AB-447F-B797-4209A4540AB4}.Release|Any CPU.ActiveCfg = Release|Any CPU
		{8A787886-04AB-447F-B797-4209A4540AB4}.Release|Any CPU.Build.0 = Release|Any CPU
		{568EB5EC-2A11-4D7F-887A-91B97FDB1737}.Debug|Any CPU.ActiveCfg = Debug|Any CPU
		{568EB5EC-2A11-4D7F-887A-91B97FDB1737}.Debug|Any CPU.Build.0 = Debug|Any CPU
		{568EB5EC-2A11-4D7F-887A-91B97FDB1737}.Release|Any CPU.ActiveCfg = Release|Any CPU
		{568EB5EC-2A11-4D7F-887A-91B97FDB1737}.Release|Any CPU.Build.0 = Release|Any CPU
		{349CA5F7-5228-4859-A059-01066167A2CC}.Debug|Any CPU.ActiveCfg = Debug|Any CPU
		{349CA5F7-5228-4859-A059-01066167A2CC}.Debug|Any CPU.Build.0 = Debug|Any CPU
		{349CA5F7-5228-4859-A059-01066167A2CC}.Release|Any CPU.ActiveCfg = Release|Any CPU
		{349CA5F7-5228-4859-A059-01066167A2CC}.Release|Any CPU.Build.0 = Release|Any CPU
		{37ABA94A-D335-4F17-B3A1-C0B0206E463C}.Debug|Any CPU.ActiveCfg = Debug|Any CPU
		{37ABA94A-D335-4F17-B3A1-C0B0206E463C}.Debug|Any CPU.Build.0 = Debug|Any CPU
		{37ABA94A-D335-4F17-B3A1-C0B0206E463C}.Release|Any CPU.ActiveCfg = Release|Any CPU
		{37ABA94A-D335-4F17-B3A1-C0B0206E463C}.Release|Any CPU.Build.0 = Release|Any CPU
	EndGlobalSection
	GlobalSection(SolutionProperties) = preSolution
		HideSolutionNode = FALSE
	EndGlobalSection
	GlobalSection(NestedProjects) = preSolution
		{21B4D403-DDC3-4793-A36F-DE1AE23378C6} = {C1D526CE-9A68-44D4-8E76-CEBBBC6B30C6}
		{8A7C602F-6BFF-4AF3-8E07-AC86A5DB6370} = {C1D526CE-9A68-44D4-8E76-CEBBBC6B30C6}
		{8A787886-04AB-447F-B797-4209A4540AB4} = {DB217C9A-A25E-47ED-98AC-8C0D3C05F45F}
		{568EB5EC-2A11-4D7F-887A-91B97FDB1737} = {2369A69A-947F-4D07-A3A0-3E144A242FF4}
		{349CA5F7-5228-4859-A059-01066167A2CC} = {7F641DA3-429F-441E-8010-D3AD05408407}
		{37ABA94A-D335-4F17-B3A1-C0B0206E463C} = {7F641DA3-429F-441E-8010-D3AD05408407}
	EndGlobalSection
	GlobalSection(ExtensibilityGlobals) = postSolution
		SolutionGuid = {0D7FD14A-09BE-4DD1-971D-2E3AC2C013F4}
	EndGlobalSection
EndGlobal
